// !$*UTF8*$!
{
	archiveVersion = 1;
	classes = {
	};
	objectVersion = 46;
	objects = {

/* Begin PBXBuildFile section */
		A71930EA1B71144800211FD5 /* ValidatorContainer.swift in Sources */ = {isa = PBXBuildFile; fileRef = A71930E91B71144800211FD5 /* ValidatorContainer.swift */; };
		A71930EB1B71144800211FD5 /* ValidatorContainer.swift in Sources */ = {isa = PBXBuildFile; fileRef = A71930E91B71144800211FD5 /* ValidatorContainer.swift */; };
		A71930ED1B71154A00211FD5 /* Validator.swift in Sources */ = {isa = PBXBuildFile; fileRef = A71930EC1B71154A00211FD5 /* Validator.swift */; };
		A71930EE1B71154A00211FD5 /* Validator.swift in Sources */ = {isa = PBXBuildFile; fileRef = A71930EC1B71154A00211FD5 /* Validator.swift */; };
		A76112B61B72633500C637A8 /* Behavior.swift in Sources */ = {isa = PBXBuildFile; fileRef = A7C81A1A1B520CDD00D81B86 /* Behavior.swift */; };
		A76112B81B72670A00C637A8 /* BehaviorControl.swift in Sources */ = {isa = PBXBuildFile; fileRef = A76112B71B72670A00C637A8 /* BehaviorControl.swift */; };
		A76112B91B72670A00C637A8 /* BehaviorControl.swift in Sources */ = {isa = PBXBuildFile; fileRef = A76112B71B72670A00C637A8 /* BehaviorControl.swift */; };
		A76112BB1B727CE500C637A8 /* ValidationReceiver.swift in Sources */ = {isa = PBXBuildFile; fileRef = A76112BA1B727CE500C637A8 /* ValidationReceiver.swift */; };
		A76112BC1B727CE500C637A8 /* ValidationReceiver.swift in Sources */ = {isa = PBXBuildFile; fileRef = A76112BA1B727CE500C637A8 /* ValidationReceiver.swift */; };
		A76112BE1B72950F00C637A8 /* PostValidationTransitioner.swift in Sources */ = {isa = PBXBuildFile; fileRef = A76112BD1B72950F00C637A8 /* PostValidationTransitioner.swift */; };
		A76112BF1B72950F00C637A8 /* PostValidationTransitioner.swift in Sources */ = {isa = PBXBuildFile; fileRef = A76112BD1B72950F00C637A8 /* PostValidationTransitioner.swift */; };
		A76112C11B72959F00C637A8 /* PostValidationAction.swift in Sources */ = {isa = PBXBuildFile; fileRef = A76112C01B72959F00C637A8 /* PostValidationAction.swift */; };
		A76112C21B72959F00C637A8 /* PostValidationAction.swift in Sources */ = {isa = PBXBuildFile; fileRef = A76112C01B72959F00C637A8 /* PostValidationAction.swift */; };
		A76112C41B72967900C637A8 /* PostValidationSegueAction.swift in Sources */ = {isa = PBXBuildFile; fileRef = A76112C31B72967900C637A8 /* PostValidationSegueAction.swift */; };
		A76112C51B72967900C637A8 /* PostValidationSegueAction.swift in Sources */ = {isa = PBXBuildFile; fileRef = A76112C31B72967900C637A8 /* PostValidationSegueAction.swift */; };
		A76112C71B72970600C637A8 /* PostValidationFailureAction.swift in Sources */ = {isa = PBXBuildFile; fileRef = A76112C61B72970600C637A8 /* PostValidationFailureAction.swift */; };
		A76112C81B72970600C637A8 /* PostValidationFailureAction.swift in Sources */ = {isa = PBXBuildFile; fileRef = A76112C61B72970600C637A8 /* PostValidationFailureAction.swift */; };
		A76112CA1B729DAE00C637A8 /* MinLengthValidator.swift in Sources */ = {isa = PBXBuildFile; fileRef = A76112C91B729DAE00C637A8 /* MinLengthValidator.swift */; };
		A76112CB1B729DAE00C637A8 /* MinLengthValidator.swift in Sources */ = {isa = PBXBuildFile; fileRef = A76112C91B729DAE00C637A8 /* MinLengthValidator.swift */; };
		A76112CD1B729E7500C637A8 /* TextControlValidator.swift in Sources */ = {isa = PBXBuildFile; fileRef = A76112CC1B729E7500C637A8 /* TextControlValidator.swift */; };
		A76112CE1B729E7500C637A8 /* TextControlValidator.swift in Sources */ = {isa = PBXBuildFile; fileRef = A76112CC1B729E7500C637A8 /* TextControlValidator.swift */; };
		A76112D01B729F5500C637A8 /* MinLengthValidatorTests.swift in Sources */ = {isa = PBXBuildFile; fileRef = A76112CF1B729F5500C637A8 /* MinLengthValidatorTests.swift */; };
		A76112D21B729FE700C637A8 /* MaxLengthValidator.swift in Sources */ = {isa = PBXBuildFile; fileRef = A76112D11B729FE700C637A8 /* MaxLengthValidator.swift */; };
		A76112D31B729FE700C637A8 /* MaxLengthValidator.swift in Sources */ = {isa = PBXBuildFile; fileRef = A76112D11B729FE700C637A8 /* MaxLengthValidator.swift */; };
		A76112D51B72A01500C637A8 /* MaxLengthValidatorTests.swift in Sources */ = {isa = PBXBuildFile; fileRef = A76112D41B72A01500C637A8 /* MaxLengthValidatorTests.swift */; };
		A76112DA1B72A1AF00C637A8 /* RegularExpressionValidator.swift in Sources */ = {isa = PBXBuildFile; fileRef = A76112D91B72A1AF00C637A8 /* RegularExpressionValidator.swift */; };
		A76112DB1B72A1AF00C637A8 /* RegularExpressionValidator.swift in Sources */ = {isa = PBXBuildFile; fileRef = A76112D91B72A1AF00C637A8 /* RegularExpressionValidator.swift */; };
		A76112DD1B72A26000C637A8 /* RegexValidatorTests.swift in Sources */ = {isa = PBXBuildFile; fileRef = A76112DC1B72A26000C637A8 /* RegexValidatorTests.swift */; };
		A76112DF1B72A33C00C637A8 /* EmailTextValidator.swift in Sources */ = {isa = PBXBuildFile; fileRef = A76112DE1B72A33C00C637A8 /* EmailTextValidator.swift */; };
		A76112E01B72A33C00C637A8 /* EmailTextValidator.swift in Sources */ = {isa = PBXBuildFile; fileRef = A76112DE1B72A33C00C637A8 /* EmailTextValidator.swift */; };
		A76112E21B72A3FA00C637A8 /* EmailTextValidatorTests.swift in Sources */ = {isa = PBXBuildFile; fileRef = A76112E11B72A3FA00C637A8 /* EmailTextValidatorTests.swift */; };
		A76112E41B72B92800C637A8 /* NumberValidator.swift in Sources */ = {isa = PBXBuildFile; fileRef = A76112E31B72B92800C637A8 /* NumberValidator.swift */; };
		A76112E51B72B92800C637A8 /* NumberValidator.swift in Sources */ = {isa = PBXBuildFile; fileRef = A76112E31B72B92800C637A8 /* NumberValidator.swift */; };
		A76112E71B72BDC300C637A8 /* NumberValidatorTests.swift in Sources */ = {isa = PBXBuildFile; fileRef = A76112E61B72BDC300C637A8 /* NumberValidatorTests.swift */; };
		A76112E91B72C13000C637A8 /* NorthAmericanPhoneNumberValidator.swift in Sources */ = {isa = PBXBuildFile; fileRef = A76112E81B72C13000C637A8 /* NorthAmericanPhoneNumberValidator.swift */; };
		A76112EA1B72C13000C637A8 /* NorthAmericanPhoneNumberValidator.swift in Sources */ = {isa = PBXBuildFile; fileRef = A76112E81B72C13000C637A8 /* NorthAmericanPhoneNumberValidator.swift */; };
		A76112EC1B72C29A00C637A8 /* NAPhoneNumberValidatorTests.swift in Sources */ = {isa = PBXBuildFile; fileRef = A76112EB1B72C29A00C637A8 /* NAPhoneNumberValidatorTests.swift */; };
		A76113271B78F64F00C637A8 /* ImageReceiver.swift in Sources */ = {isa = PBXBuildFile; fileRef = A76113261B78F64F00C637A8 /* ImageReceiver.swift */; };
		A76113281B78F64F00C637A8 /* ImageReceiver.swift in Sources */ = {isa = PBXBuildFile; fileRef = A76113261B78F64F00C637A8 /* ImageReceiver.swift */; };
		A761132A1B78F8AD00C637A8 /* StandardImagePickerBehavior.swift in Sources */ = {isa = PBXBuildFile; fileRef = A76113291B78F8AD00C637A8 /* StandardImagePickerBehavior.swift */; };
		A761132B1B78F8AD00C637A8 /* StandardImagePickerBehavior.swift in Sources */ = {isa = PBXBuildFile; fileRef = A76113291B78F8AD00C637A8 /* StandardImagePickerBehavior.swift */; };
		A761132C1B78FC4400C637A8 /* ImagePickerBehavior.swift in Sources */ = {isa = PBXBuildFile; fileRef = A7C81A1C1B520CDD00D81B86 /* ImagePickerBehavior.swift */; };
		A77351C21B76C26D003AF4FF /* NumberMaskTests.swift in Sources */ = {isa = PBXBuildFile; fileRef = A77351C11B76C26D003AF4FF /* NumberMaskTests.swift */; };
		A77351D71B77F94D003AF4FF /* TextFieldNumericMaskBehavior.swift in Sources */ = {isa = PBXBuildFile; fileRef = A77351D61B77F94D003AF4FF /* TextFieldNumericMaskBehavior.swift */; };
		A77351D81B77F94D003AF4FF /* TextFieldNumericMaskBehavior.swift in Sources */ = {isa = PBXBuildFile; fileRef = A77351D61B77F94D003AF4FF /* TextFieldNumericMaskBehavior.swift */; };
		A77351DA1B780348003AF4FF /* LastPhotoRetriever.swift in Sources */ = {isa = PBXBuildFile; fileRef = A77351D91B780348003AF4FF /* LastPhotoRetriever.swift */; };
		A77351DB1B780348003AF4FF /* LastPhotoRetriever.swift in Sources */ = {isa = PBXBuildFile; fileRef = A77351D91B780348003AF4FF /* LastPhotoRetriever.swift */; };
		A780572D1B725CC800CD5187 /* RequiredTextValidator.swift in Sources */ = {isa = PBXBuildFile; fileRef = A780572C1B725CC800CD5187 /* RequiredTextValidator.swift */; };
		A780572E1B725CC800CD5187 /* RequiredTextValidator.swift in Sources */ = {isa = PBXBuildFile; fileRef = A780572C1B725CC800CD5187 /* RequiredTextValidator.swift */; };
		A78057301B725E2000CD5187 /* StringExtensions.swift in Sources */ = {isa = PBXBuildFile; fileRef = A780572F1B725E2000CD5187 /* StringExtensions.swift */; };
		A78057311B725E2000CD5187 /* StringExtensions.swift in Sources */ = {isa = PBXBuildFile; fileRef = A780572F1B725E2000CD5187 /* StringExtensions.swift */; };
		A78057341B725EF600CD5187 /* RequiredTextValidatorTests.swift in Sources */ = {isa = PBXBuildFile; fileRef = A78057331B725EF600CD5187 /* RequiredTextValidatorTests.swift */; };
		A798E40D1B69D3F4000E26FA /* NumberMasker.swift in Sources */ = {isa = PBXBuildFile; fileRef = A798E40C1B69D3F4000E26FA /* NumberMasker.swift */; };
		A798E40E1B69D3F4000E26FA /* NumberMasker.swift in Sources */ = {isa = PBXBuildFile; fileRef = A798E40C1B69D3F4000E26FA /* NumberMasker.swift */; };
		A799679D1B64371400D36046 /* InputAccessoryBehavior.swift in Sources */ = {isa = PBXBuildFile; fileRef = A799679C1B64371400D36046 /* InputAccessoryBehavior.swift */; };
		A799679E1B64371400D36046 /* InputAccessoryBehavior.swift in Sources */ = {isa = PBXBuildFile; fileRef = A799679C1B64371400D36046 /* InputAccessoryBehavior.swift */; };
		A7A5EFB81B73FD5900599F2A /* NextFieldBehavior.swift in Sources */ = {isa = PBXBuildFile; fileRef = A7A5EFB71B73FD5900599F2A /* NextFieldBehavior.swift */; };
		A7A5EFB91B73FD5900599F2A /* NextFieldBehavior.swift in Sources */ = {isa = PBXBuildFile; fileRef = A7A5EFB71B73FD5900599F2A /* NextFieldBehavior.swift */; };
		A7C2DF491B62AE4C00A3757E /* UITextViewDoneBehavior.swift in Sources */ = {isa = PBXBuildFile; fileRef = A7C2DF481B62AE4C00A3757E /* UITextViewDoneBehavior.swift */; };
		A7C2DF4A1B62AE4C00A3757E /* UITextViewDoneBehavior.swift in Sources */ = {isa = PBXBuildFile; fileRef = A7C2DF481B62AE4C00A3757E /* UITextViewDoneBehavior.swift */; };
		A7C2DF4E1B62B33E00A3757E /* AccessoryBar.swift in Sources */ = {isa = PBXBuildFile; fileRef = A7C2DF4D1B62B33E00A3757E /* AccessoryBar.swift */; };
		A7C2DF4F1B62B33E00A3757E /* AccessoryBar.swift in Sources */ = {isa = PBXBuildFile; fileRef = A7C2DF4D1B62B33E00A3757E /* AccessoryBar.swift */; };
		A7C2DF511B62B39300A3757E /* Util.swift in Sources */ = {isa = PBXBuildFile; fileRef = A7C2DF501B62B39300A3757E /* Util.swift */; };
		A7C2DF521B62B39300A3757E /* Util.swift in Sources */ = {isa = PBXBuildFile; fileRef = A7C2DF501B62B39300A3757E /* Util.swift */; };
		A7C2DF531B62B8A300A3757E /* TextFieldBehavior.swift in Sources */ = {isa = PBXBuildFile; fileRef = A7C81A1E1B520CDD00D81B86 /* TextFieldBehavior.swift */; };
		A7C819E61B520B5D00D81B86 /* Lattice.h in Headers */ = {isa = PBXBuildFile; fileRef = A7C819E51B520B5D00D81B86 /* Lattice.h */; settings = {ATTRIBUTES = (Public, ); }; };
		A7C819EC1B520B5D00D81B86 /* Lattice.framework in Frameworks */ = {isa = PBXBuildFile; fileRef = A7C819E01B520B5D00D81B86 /* Lattice.framework */; };
		A7C81A261B520CDD00D81B86 /* Behavior.swift in Sources */ = {isa = PBXBuildFile; fileRef = A7C81A1A1B520CDD00D81B86 /* Behavior.swift */; };
		A7C81A271B520CDD00D81B86 /* ImagePickerBehavior.swift in Sources */ = {isa = PBXBuildFile; fileRef = A7C81A1C1B520CDD00D81B86 /* ImagePickerBehavior.swift */; };
		A7C81A281B520CDD00D81B86 /* TextFieldBehavior.swift in Sources */ = {isa = PBXBuildFile; fileRef = A7C81A1E1B520CDD00D81B86 /* TextFieldBehavior.swift */; };
		A7C81A291B520CDD00D81B86 /* TextFieldBehaviorContainer.swift in Sources */ = {isa = PBXBuildFile; fileRef = A7C81A1F1B520CDD00D81B86 /* TextFieldBehaviorContainer.swift */; };
		A7C81A2A1B520CDD00D81B86 /* TextFieldDoneBehavior.swift in Sources */ = {isa = PBXBuildFile; fileRef = A7C81A201B520CDD00D81B86 /* TextFieldDoneBehavior.swift */; };
		A7C81A2B1B520CDD00D81B86 /* TextFieldMaxLengthBehavior.swift in Sources */ = {isa = PBXBuildFile; fileRef = A7C81A211B520CDD00D81B86 /* TextFieldMaxLengthBehavior.swift */; };
		A7C81A2C1B520CDD00D81B86 /* IconTextField.swift in Sources */ = {isa = PBXBuildFile; fileRef = A7C81A231B520CDD00D81B86 /* IconTextField.swift */; };
		A7C81A2D1B520CDD00D81B86 /* ArrayExtensions.swift in Sources */ = {isa = PBXBuildFile; fileRef = A7C81A251B520CDD00D81B86 /* ArrayExtensions.swift */; };
		A7C81A441B521FCE00D81B86 /* TextFieldDoneBehaviorTests.swift in Sources */ = {isa = PBXBuildFile; fileRef = A7C81A431B521FCE00D81B86 /* TextFieldDoneBehaviorTests.swift */; };
		A7C81A461B5223CD00D81B86 /* TextFieldMaxLengthBehaviorTests.swift in Sources */ = {isa = PBXBuildFile; fileRef = A7C81A451B5223CD00D81B86 /* TextFieldMaxLengthBehaviorTests.swift */; };
		A7C81A491B522AFE00D81B86 /* TextFieldBehaviorContainerTests.swift in Sources */ = {isa = PBXBuildFile; fileRef = A7C81A481B522AFE00D81B86 /* TextFieldBehaviorContainerTests.swift */; };
		A7E909791B6873FE0092F45A /* ScrollToFitBehavior.swift in Sources */ = {isa = PBXBuildFile; fileRef = A7E909781B6873FE0092F45A /* ScrollToFitBehavior.swift */; };
		A7E9097A1B6873FE0092F45A /* ScrollToFitBehavior.swift in Sources */ = {isa = PBXBuildFile; fileRef = A7E909781B6873FE0092F45A /* ScrollToFitBehavior.swift */; };
/* End PBXBuildFile section */

/* Begin PBXContainerItemProxy section */
		A7C819ED1B520B5D00D81B86 /* PBXContainerItemProxy */ = {
			isa = PBXContainerItemProxy;
			containerPortal = A7C819D71B520B5D00D81B86 /* Project object */;
			proxyType = 1;
			remoteGlobalIDString = A7C819DF1B520B5D00D81B86;
			remoteInfo = ReusableBehaviors;
		};
/* End PBXContainerItemProxy section */

/* Begin PBXFileReference section */
		A71930E91B71144800211FD5 /* ValidatorContainer.swift */ = {isa = PBXFileReference; fileEncoding = 4; lastKnownFileType = sourcecode.swift; path = ValidatorContainer.swift; sourceTree = "<group>"; };
		A71930EC1B71154A00211FD5 /* Validator.swift */ = {isa = PBXFileReference; fileEncoding = 4; lastKnownFileType = sourcecode.swift; name = Validator.swift; path = Lattice/Behaviors/Validation/Validator.swift; sourceTree = SOURCE_ROOT; };
		A76112B71B72670A00C637A8 /* BehaviorControl.swift */ = {isa = PBXFileReference; fileEncoding = 4; lastKnownFileType = sourcecode.swift; path = BehaviorControl.swift; sourceTree = "<group>"; };
		A76112BA1B727CE500C637A8 /* ValidationReceiver.swift */ = {isa = PBXFileReference; fileEncoding = 4; lastKnownFileType = sourcecode.swift; path = ValidationReceiver.swift; sourceTree = "<group>"; };
		A76112BD1B72950F00C637A8 /* PostValidationTransitioner.swift */ = {isa = PBXFileReference; fileEncoding = 4; lastKnownFileType = sourcecode.swift; path = PostValidationTransitioner.swift; sourceTree = "<group>"; };
		A76112C01B72959F00C637A8 /* PostValidationAction.swift */ = {isa = PBXFileReference; fileEncoding = 4; lastKnownFileType = sourcecode.swift; path = PostValidationAction.swift; sourceTree = "<group>"; };
		A76112C31B72967900C637A8 /* PostValidationSegueAction.swift */ = {isa = PBXFileReference; fileEncoding = 4; lastKnownFileType = sourcecode.swift; path = PostValidationSegueAction.swift; sourceTree = "<group>"; };
		A76112C61B72970600C637A8 /* PostValidationFailureAction.swift */ = {isa = PBXFileReference; fileEncoding = 4; lastKnownFileType = sourcecode.swift; path = PostValidationFailureAction.swift; sourceTree = "<group>"; };
		A76112C91B729DAE00C637A8 /* MinLengthValidator.swift */ = {isa = PBXFileReference; fileEncoding = 4; lastKnownFileType = sourcecode.swift; path = MinLengthValidator.swift; sourceTree = "<group>"; };
		A76112CC1B729E7500C637A8 /* TextControlValidator.swift */ = {isa = PBXFileReference; fileEncoding = 4; lastKnownFileType = sourcecode.swift; path = TextControlValidator.swift; sourceTree = "<group>"; };
		A76112CF1B729F5500C637A8 /* MinLengthValidatorTests.swift */ = {isa = PBXFileReference; fileEncoding = 4; lastKnownFileType = sourcecode.swift; path = MinLengthValidatorTests.swift; sourceTree = "<group>"; };
		A76112D11B729FE700C637A8 /* MaxLengthValidator.swift */ = {isa = PBXFileReference; fileEncoding = 4; lastKnownFileType = sourcecode.swift; path = MaxLengthValidator.swift; sourceTree = "<group>"; };
		A76112D41B72A01500C637A8 /* MaxLengthValidatorTests.swift */ = {isa = PBXFileReference; fileEncoding = 4; lastKnownFileType = sourcecode.swift; path = MaxLengthValidatorTests.swift; sourceTree = "<group>"; };
		A76112D91B72A1AF00C637A8 /* RegularExpressionValidator.swift */ = {isa = PBXFileReference; fileEncoding = 4; lastKnownFileType = sourcecode.swift; path = RegularExpressionValidator.swift; sourceTree = "<group>"; };
		A76112DC1B72A26000C637A8 /* RegexValidatorTests.swift */ = {isa = PBXFileReference; fileEncoding = 4; lastKnownFileType = sourcecode.swift; path = RegexValidatorTests.swift; sourceTree = "<group>"; };
		A76112DE1B72A33C00C637A8 /* EmailTextValidator.swift */ = {isa = PBXFileReference; fileEncoding = 4; lastKnownFileType = sourcecode.swift; path = EmailTextValidator.swift; sourceTree = "<group>"; };
		A76112E11B72A3FA00C637A8 /* EmailTextValidatorTests.swift */ = {isa = PBXFileReference; fileEncoding = 4; lastKnownFileType = sourcecode.swift; path = EmailTextValidatorTests.swift; sourceTree = "<group>"; };
		A76112E31B72B92800C637A8 /* NumberValidator.swift */ = {isa = PBXFileReference; fileEncoding = 4; lastKnownFileType = sourcecode.swift; path = NumberValidator.swift; sourceTree = "<group>"; };
		A76112E61B72BDC300C637A8 /* NumberValidatorTests.swift */ = {isa = PBXFileReference; fileEncoding = 4; lastKnownFileType = sourcecode.swift; path = NumberValidatorTests.swift; sourceTree = "<group>"; };
		A76112E81B72C13000C637A8 /* NorthAmericanPhoneNumberValidator.swift */ = {isa = PBXFileReference; fileEncoding = 4; lastKnownFileType = sourcecode.swift; path = NorthAmericanPhoneNumberValidator.swift; sourceTree = "<group>"; };
		A76112EB1B72C29A00C637A8 /* NAPhoneNumberValidatorTests.swift */ = {isa = PBXFileReference; fileEncoding = 4; lastKnownFileType = sourcecode.swift; path = NAPhoneNumberValidatorTests.swift; sourceTree = "<group>"; };
		A76113261B78F64F00C637A8 /* ImageReceiver.swift */ = {isa = PBXFileReference; fileEncoding = 4; lastKnownFileType = sourcecode.swift; path = ImageReceiver.swift; sourceTree = "<group>"; };
		A76113291B78F8AD00C637A8 /* StandardImagePickerBehavior.swift */ = {isa = PBXFileReference; fileEncoding = 4; lastKnownFileType = sourcecode.swift; path = StandardImagePickerBehavior.swift; sourceTree = "<group>"; };
		A77351C11B76C26D003AF4FF /* NumberMaskTests.swift */ = {isa = PBXFileReference; fileEncoding = 4; lastKnownFileType = sourcecode.swift; path = NumberMaskTests.swift; sourceTree = "<group>"; };
		A77351D61B77F94D003AF4FF /* TextFieldNumericMaskBehavior.swift */ = {isa = PBXFileReference; fileEncoding = 4; lastKnownFileType = sourcecode.swift; path = TextFieldNumericMaskBehavior.swift; sourceTree = "<group>"; };
		A77351D91B780348003AF4FF /* LastPhotoRetriever.swift */ = {isa = PBXFileReference; fileEncoding = 4; lastKnownFileType = sourcecode.swift; path = LastPhotoRetriever.swift; sourceTree = "<group>"; };
		A780572C1B725CC800CD5187 /* RequiredTextValidator.swift */ = {isa = PBXFileReference; fileEncoding = 4; lastKnownFileType = sourcecode.swift; path = RequiredTextValidator.swift; sourceTree = "<group>"; };
		A780572F1B725E2000CD5187 /* StringExtensions.swift */ = {isa = PBXFileReference; fileEncoding = 4; lastKnownFileType = sourcecode.swift; path = StringExtensions.swift; sourceTree = "<group>"; };
		A78057331B725EF600CD5187 /* RequiredTextValidatorTests.swift */ = {isa = PBXFileReference; fileEncoding = 4; lastKnownFileType = sourcecode.swift; path = RequiredTextValidatorTests.swift; sourceTree = "<group>"; };
		A798E40C1B69D3F4000E26FA /* NumberMasker.swift */ = {isa = PBXFileReference; fileEncoding = 4; lastKnownFileType = sourcecode.swift; path = NumberMasker.swift; sourceTree = "<group>"; };
		A799679C1B64371400D36046 /* InputAccessoryBehavior.swift */ = {isa = PBXFileReference; fileEncoding = 4; lastKnownFileType = sourcecode.swift; path = InputAccessoryBehavior.swift; sourceTree = "<group>"; };
		A7A5EFB71B73FD5900599F2A /* NextFieldBehavior.swift */ = {isa = PBXFileReference; fileEncoding = 4; lastKnownFileType = sourcecode.swift; path = NextFieldBehavior.swift; sourceTree = "<group>"; };
		A7C2DF481B62AE4C00A3757E /* UITextViewDoneBehavior.swift */ = {isa = PBXFileReference; fileEncoding = 4; lastKnownFileType = sourcecode.swift; path = UITextViewDoneBehavior.swift; sourceTree = "<group>"; };
		A7C2DF4D1B62B33E00A3757E /* AccessoryBar.swift */ = {isa = PBXFileReference; fileEncoding = 4; lastKnownFileType = sourcecode.swift; path = AccessoryBar.swift; sourceTree = "<group>"; };
		A7C2DF501B62B39300A3757E /* Util.swift */ = {isa = PBXFileReference; fileEncoding = 4; lastKnownFileType = sourcecode.swift; path = Util.swift; sourceTree = "<group>"; };
		A7C819E01B520B5D00D81B86 /* Lattice.framework */ = {isa = PBXFileReference; explicitFileType = wrapper.framework; includeInIndex = 0; path = Lattice.framework; sourceTree = BUILT_PRODUCTS_DIR; };
		A7C819E41B520B5D00D81B86 /* Info.plist */ = {isa = PBXFileReference; lastKnownFileType = text.plist.xml; path = Info.plist; sourceTree = "<group>"; };
		A7C819E51B520B5D00D81B86 /* Lattice.h */ = {isa = PBXFileReference; lastKnownFileType = sourcecode.c.h; path = Lattice.h; sourceTree = "<group>"; };
		A7C819EB1B520B5D00D81B86 /* LatticeTests.xctest */ = {isa = PBXFileReference; explicitFileType = wrapper.cfbundle; includeInIndex = 0; path = LatticeTests.xctest; sourceTree = BUILT_PRODUCTS_DIR; };
		A7C819F11B520B5D00D81B86 /* Info.plist */ = {isa = PBXFileReference; lastKnownFileType = text.plist.xml; path = Info.plist; sourceTree = "<group>"; };
		A7C81A1A1B520CDD00D81B86 /* Behavior.swift */ = {isa = PBXFileReference; fileEncoding = 4; lastKnownFileType = sourcecode.swift; path = Behavior.swift; sourceTree = "<group>"; };
		A7C81A1C1B520CDD00D81B86 /* ImagePickerBehavior.swift */ = {isa = PBXFileReference; fileEncoding = 4; lastKnownFileType = sourcecode.swift; path = ImagePickerBehavior.swift; sourceTree = "<group>"; };
		A7C81A1E1B520CDD00D81B86 /* TextFieldBehavior.swift */ = {isa = PBXFileReference; fileEncoding = 4; lastKnownFileType = sourcecode.swift; path = TextFieldBehavior.swift; sourceTree = "<group>"; };
		A7C81A1F1B520CDD00D81B86 /* TextFieldBehaviorContainer.swift */ = {isa = PBXFileReference; fileEncoding = 4; lastKnownFileType = sourcecode.swift; path = TextFieldBehaviorContainer.swift; sourceTree = "<group>"; };
		A7C81A201B520CDD00D81B86 /* TextFieldDoneBehavior.swift */ = {isa = PBXFileReference; fileEncoding = 4; lastKnownFileType = sourcecode.swift; path = TextFieldDoneBehavior.swift; sourceTree = "<group>"; };
		A7C81A211B520CDD00D81B86 /* TextFieldMaxLengthBehavior.swift */ = {isa = PBXFileReference; fileEncoding = 4; lastKnownFileType = sourcecode.swift; path = TextFieldMaxLengthBehavior.swift; sourceTree = "<group>"; };
		A7C81A231B520CDD00D81B86 /* IconTextField.swift */ = {isa = PBXFileReference; fileEncoding = 4; lastKnownFileType = sourcecode.swift; path = IconTextField.swift; sourceTree = "<group>"; };
		A7C81A251B520CDD00D81B86 /* ArrayExtensions.swift */ = {isa = PBXFileReference; fileEncoding = 4; lastKnownFileType = sourcecode.swift; path = ArrayExtensions.swift; sourceTree = "<group>"; };
		A7C81A431B521FCE00D81B86 /* TextFieldDoneBehaviorTests.swift */ = {isa = PBXFileReference; fileEncoding = 4; lastKnownFileType = sourcecode.swift; path = TextFieldDoneBehaviorTests.swift; sourceTree = "<group>"; };
		A7C81A451B5223CD00D81B86 /* TextFieldMaxLengthBehaviorTests.swift */ = {isa = PBXFileReference; fileEncoding = 4; lastKnownFileType = sourcecode.swift; path = TextFieldMaxLengthBehaviorTests.swift; sourceTree = "<group>"; };
		A7C81A481B522AFE00D81B86 /* TextFieldBehaviorContainerTests.swift */ = {isa = PBXFileReference; fileEncoding = 4; lastKnownFileType = sourcecode.swift; path = TextFieldBehaviorContainerTests.swift; sourceTree = "<group>"; };
		A7E909781B6873FE0092F45A /* ScrollToFitBehavior.swift */ = {isa = PBXFileReference; fileEncoding = 4; lastKnownFileType = sourcecode.swift; path = ScrollToFitBehavior.swift; sourceTree = "<group>"; };
/* End PBXFileReference section */

/* Begin PBXFrameworksBuildPhase section */
		A7C819DC1B520B5D00D81B86 /* Frameworks */ = {
			isa = PBXFrameworksBuildPhase;
			buildActionMask = 2147483647;
			files = (
			);
			runOnlyForDeploymentPostprocessing = 0;
		};
		A7C819E81B520B5D00D81B86 /* Frameworks */ = {
			isa = PBXFrameworksBuildPhase;
			buildActionMask = 2147483647;
			files = (
				A7C819EC1B520B5D00D81B86 /* Lattice.framework in Frameworks */,
			);
			runOnlyForDeploymentPostprocessing = 0;
		};
/* End PBXFrameworksBuildPhase section */

/* Begin PBXGroup section */
		A71930E81B71132F00211FD5 /* Validation */ = {
			isa = PBXGroup;
			children = (
				A76112D61B72A0A600C637A8 /* Post Validation */,
				A76112D81B72A0C900C637A8 /* Text Validators */,
				A71930E91B71144800211FD5 /* ValidatorContainer.swift */,
				A71930EC1B71154A00211FD5 /* Validator.swift */,
			);
			path = Validation;
			sourceTree = "<group>";
		};
		A76112D61B72A0A600C637A8 /* Post Validation */ = {
			isa = PBXGroup;
			children = (
				A76112BD1B72950F00C637A8 /* PostValidationTransitioner.swift */,
				A76112C01B72959F00C637A8 /* PostValidationAction.swift */,
				A76112C31B72967900C637A8 /* PostValidationSegueAction.swift */,
				A76112C61B72970600C637A8 /* PostValidationFailureAction.swift */,
				A76112BA1B727CE500C637A8 /* ValidationReceiver.swift */,
			);
			name = "Post Validation";
			sourceTree = "<group>";
		};
		A76112D81B72A0C900C637A8 /* Text Validators */ = {
			isa = PBXGroup;
			children = (
				A76112DE1B72A33C00C637A8 /* EmailTextValidator.swift */,
				A76112C91B729DAE00C637A8 /* MinLengthValidator.swift */,
				A76112D11B729FE700C637A8 /* MaxLengthValidator.swift */,
				A76112E81B72C13000C637A8 /* NorthAmericanPhoneNumberValidator.swift */,
				A76112E31B72B92800C637A8 /* NumberValidator.swift */,
				A76112D91B72A1AF00C637A8 /* RegularExpressionValidator.swift */,
				A780572C1B725CC800CD5187 /* RequiredTextValidator.swift */,
				A76112CC1B729E7500C637A8 /* TextControlValidator.swift */,
			);
			name = "Text Validators";
			sourceTree = "<group>";
		};
		A77351C01B76C24E003AF4FF /* Extensions */ = {
			isa = PBXGroup;
			children = (
				A77351C11B76C26D003AF4FF /* NumberMaskTests.swift */,
			);
			path = Extensions;
			sourceTree = "<group>";
		};
		A78057321B725EAB00CD5187 /* Validation */ = {
			isa = PBXGroup;
			children = (
				A78057331B725EF600CD5187 /* RequiredTextValidatorTests.swift */,
				A76112EB1B72C29A00C637A8 /* NAPhoneNumberValidatorTests.swift */,
				A76112E61B72BDC300C637A8 /* NumberValidatorTests.swift */,
				A76112E11B72A3FA00C637A8 /* EmailTextValidatorTests.swift */,
				A76112DC1B72A26000C637A8 /* RegexValidatorTests.swift */,
				A76112CF1B729F5500C637A8 /* MinLengthValidatorTests.swift */,
				A76112D41B72A01500C637A8 /* MaxLengthValidatorTests.swift */,
			);
			path = Validation;
			sourceTree = "<group>";
		};
		A7C2DF471B62AE1800A3757E /* UITextView */ = {
			isa = PBXGroup;
			children = (
				A7C2DF481B62AE4C00A3757E /* UITextViewDoneBehavior.swift */,
				A799679C1B64371400D36046 /* InputAccessoryBehavior.swift */,
			);
			path = UITextView;
			sourceTree = "<group>";
		};
		A7C819D61B520B5D00D81B86 = {
			isa = PBXGroup;
			children = (
				A7C819E21B520B5D00D81B86 /* Lattice */,
				A7C819EF1B520B5D00D81B86 /* LatticeTests */,
				A7C819E11B520B5D00D81B86 /* Products */,
			);
			sourceTree = "<group>";
		};
		A7C819E11B520B5D00D81B86 /* Products */ = {
			isa = PBXGroup;
			children = (
				A7C819E01B520B5D00D81B86 /* Lattice.framework */,
				A7C819EB1B520B5D00D81B86 /* LatticeTests.xctest */,
			);
			name = Products;
			sourceTree = "<group>";
		};
		A7C819E21B520B5D00D81B86 /* Lattice */ = {
			isa = PBXGroup;
			children = (
				A7C81A191B520CDD00D81B86 /* Behaviors */,
				A7C81A221B520CDD00D81B86 /* Custom Views */,
				A7C81A241B520CDD00D81B86 /* Extensions */,
				A7C819E51B520B5D00D81B86 /* Lattice.h */,
				A7C819E31B520B5D00D81B86 /* Supporting Files */,
				A7C2DF501B62B39300A3757E /* Util.swift */,
			);
			path = Lattice;
			sourceTree = "<group>";
		};
		A7C819E31B520B5D00D81B86 /* Supporting Files */ = {
			isa = PBXGroup;
			children = (
				A7C819E41B520B5D00D81B86 /* Info.plist */,
			);
			name = "Supporting Files";
			sourceTree = "<group>";
		};
		A7C819EF1B520B5D00D81B86 /* LatticeTests */ = {
			isa = PBXGroup;
			children = (
				A77351C01B76C24E003AF4FF /* Extensions */,
				A7C81A411B521F8400D81B86 /* Behaviors */,
				A7C819F01B520B5D00D81B86 /* Supporting Files */,
			);
			path = LatticeTests;
			sourceTree = "<group>";
		};
		A7C819F01B520B5D00D81B86 /* Supporting Files */ = {
			isa = PBXGroup;
			children = (
				A7C819F11B520B5D00D81B86 /* Info.plist */,
			);
			name = "Supporting Files";
			sourceTree = "<group>";
		};
		A7C81A191B520CDD00D81B86 /* Behaviors */ = {
			isa = PBXGroup;
			children = (
				A7C81A1A1B520CDD00D81B86 /* Behavior.swift */,
				A76112B71B72670A00C637A8 /* BehaviorControl.swift */,
				A7C81A1B1B520CDD00D81B86 /* ImagePicking */,
				A7E909771B6873DD0092F45A /* Misc */,
				A7C81A1D1B520CDD00D81B86 /* UITextField */,
				A7C2DF471B62AE1800A3757E /* UITextView */,
				A71930E81B71132F00211FD5 /* Validation */,
			);
			path = Behaviors;
			sourceTree = "<group>";
		};
		A7C81A1B1B520CDD00D81B86 /* ImagePicking */ = {
			isa = PBXGroup;
			children = (
				A7C81A1C1B520CDD00D81B86 /* ImagePickerBehavior.swift */,
				A76113291B78F8AD00C637A8 /* StandardImagePickerBehavior.swift */,
				A77351D91B780348003AF4FF /* LastPhotoRetriever.swift */,
				A76113261B78F64F00C637A8 /* ImageReceiver.swift */,
			);
			path = ImagePicking;
			sourceTree = "<group>";
		};
		A7C81A1D1B520CDD00D81B86 /* UITextField */ = {
			isa = PBXGroup;
			children = (
				A7A5EFB71B73FD5900599F2A /* NextFieldBehavior.swift */,
				A7C81A1E1B520CDD00D81B86 /* TextFieldBehavior.swift */,
				A7C81A1F1B520CDD00D81B86 /* TextFieldBehaviorContainer.swift */,
				A7C81A201B520CDD00D81B86 /* TextFieldDoneBehavior.swift */,
				A7C81A211B520CDD00D81B86 /* TextFieldMaxLengthBehavior.swift */,
				A77351D61B77F94D003AF4FF /* TextFieldNumericMaskBehavior.swift */,
			);
			path = UITextField;
			sourceTree = "<group>";
		};
		A7C81A221B520CDD00D81B86 /* Custom Views */ = {
			isa = PBXGroup;
			children = (
				A7C81A231B520CDD00D81B86 /* IconTextField.swift */,
				A7C2DF4D1B62B33E00A3757E /* AccessoryBar.swift */,
			);
			path = "Custom Views";
			sourceTree = "<group>";
		};
		A7C81A241B520CDD00D81B86 /* Extensions */ = {
			isa = PBXGroup;
			children = (
				A7C81A251B520CDD00D81B86 /* ArrayExtensions.swift */,
				A798E40C1B69D3F4000E26FA /* NumberMasker.swift */,
				A780572F1B725E2000CD5187 /* StringExtensions.swift */,
			);
			path = Extensions;
			sourceTree = "<group>";
		};
		A7C81A411B521F8400D81B86 /* Behaviors */ = {
			isa = PBXGroup;
			children = (
				A78057321B725EAB00CD5187 /* Validation */,
				A7C81A421B521FA200D81B86 /* UITextField */,
			);
			path = Behaviors;
			sourceTree = "<group>";
		};
		A7C81A421B521FA200D81B86 /* UITextField */ = {
			isa = PBXGroup;
			children = (
				A7C81A431B521FCE00D81B86 /* TextFieldDoneBehaviorTests.swift */,
				A7C81A481B522AFE00D81B86 /* TextFieldBehaviorContainerTests.swift */,
				A7C81A451B5223CD00D81B86 /* TextFieldMaxLengthBehaviorTests.swift */,
			);
			path = UITextField;
			sourceTree = "<group>";
		};
		A7E909771B6873DD0092F45A /* Misc */ = {
			isa = PBXGroup;
			children = (
				A7E909781B6873FE0092F45A /* ScrollToFitBehavior.swift */,
			);
			path = Misc;
			sourceTree = "<group>";
		};
/* End PBXGroup section */

/* Begin PBXHeadersBuildPhase section */
		A7C819DD1B520B5D00D81B86 /* Headers */ = {
			isa = PBXHeadersBuildPhase;
			buildActionMask = 2147483647;
			files = (
				A7C819E61B520B5D00D81B86 /* Lattice.h in Headers */,
			);
			runOnlyForDeploymentPostprocessing = 0;
		};
/* End PBXHeadersBuildPhase section */

/* Begin PBXNativeTarget section */
		A7C819DF1B520B5D00D81B86 /* Lattice */ = {
			isa = PBXNativeTarget;
			buildConfigurationList = A7C819F61B520B5D00D81B86 /* Build configuration list for PBXNativeTarget "Lattice" */;
			buildPhases = (
				A7C819DB1B520B5D00D81B86 /* Sources */,
				A7C819DC1B520B5D00D81B86 /* Frameworks */,
				A7C819DD1B520B5D00D81B86 /* Headers */,
				A7C819DE1B520B5D00D81B86 /* Resources */,
			);
			buildRules = (
			);
			dependencies = (
			);
			name = Lattice;
			productName = Lattice;
			productReference = A7C819E01B520B5D00D81B86 /* Lattice.framework */;
			productType = "com.apple.product-type.framework";
		};
		A7C819EA1B520B5D00D81B86 /* LatticeTests */ = {
			isa = PBXNativeTarget;
			buildConfigurationList = A7C819F91B520B5D00D81B86 /* Build configuration list for PBXNativeTarget "LatticeTests" */;
			buildPhases = (
				A7C819E71B520B5D00D81B86 /* Sources */,
				A7C819E81B520B5D00D81B86 /* Frameworks */,
				A7C819E91B520B5D00D81B86 /* Resources */,
			);
			buildRules = (
			);
			dependencies = (
				A7C819EE1B520B5D00D81B86 /* PBXTargetDependency */,
			);
			name = LatticeTests;
			productName = LatticeTests;
			productReference = A7C819EB1B520B5D00D81B86 /* LatticeTests.xctest */;
			productType = "com.apple.product-type.bundle.unit-test";
		};
/* End PBXNativeTarget section */

/* Begin PBXProject section */
		A7C819D71B520B5D00D81B86 /* Project object */ = {
			isa = PBXProject;
			attributes = {
				LastUpgradeCheck = 0640;
				ORGANIZATIONNAME = Tallwave;
				TargetAttributes = {
					A7C819DF1B520B5D00D81B86 = {
						CreatedOnToolsVersion = 6.4;
					};
					A7C819EA1B520B5D00D81B86 = {
						CreatedOnToolsVersion = 6.4;
					};
				};
			};
			buildConfigurationList = A7C819DA1B520B5D00D81B86 /* Build configuration list for PBXProject "Lattice" */;
			compatibilityVersion = "Xcode 3.2";
			developmentRegion = English;
			hasScannedForEncodings = 0;
			knownRegions = (
				en,
			);
			mainGroup = A7C819D61B520B5D00D81B86;
			productRefGroup = A7C819E11B520B5D00D81B86 /* Products */;
			projectDirPath = "";
			projectRoot = "";
			targets = (
				A7C819DF1B520B5D00D81B86 /* Lattice */,
				A7C819EA1B520B5D00D81B86 /* LatticeTests */,
			);
		};
/* End PBXProject section */

/* Begin PBXResourcesBuildPhase section */
		A7C819DE1B520B5D00D81B86 /* Resources */ = {
			isa = PBXResourcesBuildPhase;
			buildActionMask = 2147483647;
			files = (
			);
			runOnlyForDeploymentPostprocessing = 0;
		};
		A7C819E91B520B5D00D81B86 /* Resources */ = {
			isa = PBXResourcesBuildPhase;
			buildActionMask = 2147483647;
			files = (
			);
			runOnlyForDeploymentPostprocessing = 0;
		};
/* End PBXResourcesBuildPhase section */

/* Begin PBXSourcesBuildPhase section */
		A7C819DB1B520B5D00D81B86 /* Sources */ = {
			isa = PBXSourcesBuildPhase;
			buildActionMask = 2147483647;
			files = (
				A76112E91B72C13000C637A8 /* NorthAmericanPhoneNumberValidator.swift in Sources */,
				A76112BB1B727CE500C637A8 /* ValidationReceiver.swift in Sources */,
				A7C2DF511B62B39300A3757E /* Util.swift in Sources */,
				A7C2DF491B62AE4C00A3757E /* UITextViewDoneBehavior.swift in Sources */,
				A780572D1B725CC800CD5187 /* RequiredTextValidator.swift in Sources */,
				A7A5EFB81B73FD5900599F2A /* NextFieldBehavior.swift in Sources */,
				A76112BE1B72950F00C637A8 /* PostValidationTransitioner.swift in Sources */,
				A7C81A2A1B520CDD00D81B86 /* TextFieldDoneBehavior.swift in Sources */,
				A76112DF1B72A33C00C637A8 /* EmailTextValidator.swift in Sources */,
				A76112C71B72970600C637A8 /* PostValidationFailureAction.swift in Sources */,
				A77351D71B77F94D003AF4FF /* TextFieldNumericMaskBehavior.swift in Sources */,
				A76112CA1B729DAE00C637A8 /* MinLengthValidator.swift in Sources */,
				A7C81A261B520CDD00D81B86 /* Behavior.swift in Sources */,
				A71930EA1B71144800211FD5 /* ValidatorContainer.swift in Sources */,
				A71930ED1B71154A00211FD5 /* Validator.swift in Sources */,
				A77351DA1B780348003AF4FF /* LastPhotoRetriever.swift in Sources */,
				A76112DA1B72A1AF00C637A8 /* RegularExpressionValidator.swift in Sources */,
				A7C81A271B520CDD00D81B86 /* ImagePickerBehavior.swift in Sources */,
				A7C81A291B520CDD00D81B86 /* TextFieldBehaviorContainer.swift in Sources */,
				A76112CD1B729E7500C637A8 /* TextControlValidator.swift in Sources */,
				A7E909791B6873FE0092F45A /* ScrollToFitBehavior.swift in Sources */,
				A7C81A2B1B520CDD00D81B86 /* TextFieldMaxLengthBehavior.swift in Sources */,
				A798E40D1B69D3F4000E26FA /* NumberMasker.swift in Sources */,
				A76112E41B72B92800C637A8 /* NumberValidator.swift in Sources */,
				A799679D1B64371400D36046 /* InputAccessoryBehavior.swift in Sources */,
				A7C2DF4E1B62B33E00A3757E /* AccessoryBar.swift in Sources */,
				A76113271B78F64F00C637A8 /* ImageReceiver.swift in Sources */,
				A76112B81B72670A00C637A8 /* BehaviorControl.swift in Sources */,
				A7C81A281B520CDD00D81B86 /* TextFieldBehavior.swift in Sources */,
				A7C81A2C1B520CDD00D81B86 /* IconTextField.swift in Sources */,
				A76112C41B72967900C637A8 /* PostValidationSegueAction.swift in Sources */,
				A76112C11B72959F00C637A8 /* PostValidationAction.swift in Sources */,
				A7C81A2D1B520CDD00D81B86 /* ArrayExtensions.swift in Sources */,
				A78057301B725E2000CD5187 /* StringExtensions.swift in Sources */,
				A761132A1B78F8AD00C637A8 /* StandardImagePickerBehavior.swift in Sources */,
				A76112D21B729FE700C637A8 /* MaxLengthValidator.swift in Sources */,
			);
			runOnlyForDeploymentPostprocessing = 0;
		};
		A7C819E71B520B5D00D81B86 /* Sources */ = {
			isa = PBXSourcesBuildPhase;
			buildActionMask = 2147483647;
			files = (
				A76112C51B72967900C637A8 /* PostValidationSegueAction.swift in Sources */,
				A78057341B725EF600CD5187 /* RequiredTextValidatorTests.swift in Sources */,
				A7C2DF4F1B62B33E00A3757E /* AccessoryBar.swift in Sources */,
				A7C81A461B5223CD00D81B86 /* TextFieldMaxLengthBehaviorTests.swift in Sources */,
				A71930EE1B71154A00211FD5 /* Validator.swift in Sources */,
				A76112D01B729F5500C637A8 /* MinLengthValidatorTests.swift in Sources */,
				A7C2DF4A1B62AE4C00A3757E /* UITextViewDoneBehavior.swift in Sources */,
				A77351D81B77F94D003AF4FF /* TextFieldNumericMaskBehavior.swift in Sources */,
				A76112DD1B72A26000C637A8 /* RegexValidatorTests.swift in Sources */,
				A7C2DF531B62B8A300A3757E /* TextFieldBehavior.swift in Sources */,
				A761132B1B78F8AD00C637A8 /* StandardImagePickerBehavior.swift in Sources */,
				A76112C81B72970600C637A8 /* PostValidationFailureAction.swift in Sources */,
				A780572E1B725CC800CD5187 /* RequiredTextValidator.swift in Sources */,
				A798E40E1B69D3F4000E26FA /* NumberMasker.swift in Sources */,
				A76112BC1B727CE500C637A8 /* ValidationReceiver.swift in Sources */,
				A799679E1B64371400D36046 /* InputAccessoryBehavior.swift in Sources */,
				A76112BF1B72950F00C637A8 /* PostValidationTransitioner.swift in Sources */,
				A76112E01B72A33C00C637A8 /* EmailTextValidator.swift in Sources */,
				A76112EC1B72C29A00C637A8 /* NAPhoneNumberValidatorTests.swift in Sources */,
				A76112B91B72670A00C637A8 /* BehaviorControl.swift in Sources */,
				A76112DB1B72A1AF00C637A8 /* RegularExpressionValidator.swift in Sources */,
				A76112D51B72A01500C637A8 /* MaxLengthValidatorTests.swift in Sources */,
				A76112B61B72633500C637A8 /* Behavior.swift in Sources */,
				A7C2DF521B62B39300A3757E /* Util.swift in Sources */,
				A76112C21B72959F00C637A8 /* PostValidationAction.swift in Sources */,
				A77351DB1B780348003AF4FF /* LastPhotoRetriever.swift in Sources */,
				A76112CE1B729E7500C637A8 /* TextControlValidator.swift in Sources */,
				A7C81A441B521FCE00D81B86 /* TextFieldDoneBehaviorTests.swift in Sources */,
				A7A5EFB91B73FD5900599F2A /* NextFieldBehavior.swift in Sources */,
				A78057311B725E2000CD5187 /* StringExtensions.swift in Sources */,
				A7C81A491B522AFE00D81B86 /* TextFieldBehaviorContainerTests.swift in Sources */,
				A76112CB1B729DAE00C637A8 /* MinLengthValidator.swift in Sources */,
				A7E9097A1B6873FE0092F45A /* ScrollToFitBehavior.swift in Sources */,
				A76112E71B72BDC300C637A8 /* NumberValidatorTests.swift in Sources */,
				A761132C1B78FC4400C637A8 /* ImagePickerBehavior.swift in Sources */,
				A76112E21B72A3FA00C637A8 /* EmailTextValidatorTests.swift in Sources */,
				A76113281B78F64F00C637A8 /* ImageReceiver.swift in Sources */,
				A71930EB1B71144800211FD5 /* ValidatorContainer.swift in Sources */,
				A76112D31B729FE700C637A8 /* MaxLengthValidator.swift in Sources */,
				A76112EA1B72C13000C637A8 /* NorthAmericanPhoneNumberValidator.swift in Sources */,
				A77351C21B76C26D003AF4FF /* NumberMaskTests.swift in Sources */,
				A76112E51B72B92800C637A8 /* NumberValidator.swift in Sources */,
			);
			runOnlyForDeploymentPostprocessing = 0;
		};
/* End PBXSourcesBuildPhase section */

/* Begin PBXTargetDependency section */
		A7C819EE1B520B5D00D81B86 /* PBXTargetDependency */ = {
			isa = PBXTargetDependency;
			target = A7C819DF1B520B5D00D81B86 /* Lattice */;
			targetProxy = A7C819ED1B520B5D00D81B86 /* PBXContainerItemProxy */;
		};
/* End PBXTargetDependency section */

/* Begin XCBuildConfiguration section */
		A7C819F41B520B5D00D81B86 /* Debug */ = {
			isa = XCBuildConfiguration;
			buildSettings = {
				ALWAYS_SEARCH_USER_PATHS = NO;
				CLANG_CXX_LANGUAGE_STANDARD = "gnu++0x";
				CLANG_CXX_LIBRARY = "libc++";
				CLANG_ENABLE_MODULES = YES;
				CLANG_ENABLE_OBJC_ARC = YES;
				CLANG_WARN_BOOL_CONVERSION = YES;
				CLANG_WARN_CONSTANT_CONVERSION = YES;
				CLANG_WARN_DIRECT_OBJC_ISA_USAGE = YES_ERROR;
				CLANG_WARN_EMPTY_BODY = YES;
				CLANG_WARN_ENUM_CONVERSION = YES;
				CLANG_WARN_INT_CONVERSION = YES;
				CLANG_WARN_OBJC_ROOT_CLASS = YES_ERROR;
				CLANG_WARN_UNREACHABLE_CODE = YES;
				CLANG_WARN__DUPLICATE_METHOD_MATCH = YES;
				"CODE_SIGN_IDENTITY[sdk=iphoneos*]" = "iPhone Developer";
				COPY_PHASE_STRIP = NO;
				CURRENT_PROJECT_VERSION = 1;
				DEBUG_INFORMATION_FORMAT = "dwarf-with-dsym";
				ENABLE_STRICT_OBJC_MSGSEND = YES;
				GCC_C_LANGUAGE_STANDARD = gnu99;
				GCC_DYNAMIC_NO_PIC = NO;
				GCC_NO_COMMON_BLOCKS = YES;
				GCC_OPTIMIZATION_LEVEL = 0;
				GCC_PREPROCESSOR_DEFINITIONS = (
					"DEBUG=1",
					"$(inherited)",
				);
				GCC_SYMBOLS_PRIVATE_EXTERN = NO;
				GCC_WARN_64_TO_32_BIT_CONVERSION = YES;
				GCC_WARN_ABOUT_RETURN_TYPE = YES_ERROR;
				GCC_WARN_UNDECLARED_SELECTOR = YES;
				GCC_WARN_UNINITIALIZED_AUTOS = YES_AGGRESSIVE;
				GCC_WARN_UNUSED_FUNCTION = YES;
				GCC_WARN_UNUSED_VARIABLE = YES;
				IPHONEOS_DEPLOYMENT_TARGET = 8.0;
				MTL_ENABLE_DEBUG_INFO = YES;
				ONLY_ACTIVE_ARCH = YES;
				SDKROOT = iphoneos;
				SWIFT_OPTIMIZATION_LEVEL = "-Onone";
				TARGETED_DEVICE_FAMILY = "1,2";
				VERSIONING_SYSTEM = "apple-generic";
				VERSION_INFO_PREFIX = "";
			};
			name = Debug;
		};
		A7C819F51B520B5D00D81B86 /* Release */ = {
			isa = XCBuildConfiguration;
			buildSettings = {
				ALWAYS_SEARCH_USER_PATHS = NO;
				CLANG_CXX_LANGUAGE_STANDARD = "gnu++0x";
				CLANG_CXX_LIBRARY = "libc++";
				CLANG_ENABLE_MODULES = YES;
				CLANG_ENABLE_OBJC_ARC = YES;
				CLANG_WARN_BOOL_CONVERSION = YES;
				CLANG_WARN_CONSTANT_CONVERSION = YES;
				CLANG_WARN_DIRECT_OBJC_ISA_USAGE = YES_ERROR;
				CLANG_WARN_EMPTY_BODY = YES;
				CLANG_WARN_ENUM_CONVERSION = YES;
				CLANG_WARN_INT_CONVERSION = YES;
				CLANG_WARN_OBJC_ROOT_CLASS = YES_ERROR;
				CLANG_WARN_UNREACHABLE_CODE = YES;
				CLANG_WARN__DUPLICATE_METHOD_MATCH = YES;
				"CODE_SIGN_IDENTITY[sdk=iphoneos*]" = "iPhone Developer";
				COPY_PHASE_STRIP = NO;
				CURRENT_PROJECT_VERSION = 1;
				DEBUG_INFORMATION_FORMAT = "dwarf-with-dsym";
				ENABLE_NS_ASSERTIONS = NO;
				ENABLE_STRICT_OBJC_MSGSEND = YES;
				GCC_C_LANGUAGE_STANDARD = gnu99;
				GCC_NO_COMMON_BLOCKS = YES;
				GCC_WARN_64_TO_32_BIT_CONVERSION = YES;
				GCC_WARN_ABOUT_RETURN_TYPE = YES_ERROR;
				GCC_WARN_UNDECLARED_SELECTOR = YES;
				GCC_WARN_UNINITIALIZED_AUTOS = YES_AGGRESSIVE;
				GCC_WARN_UNUSED_FUNCTION = YES;
				GCC_WARN_UNUSED_VARIABLE = YES;
				IPHONEOS_DEPLOYMENT_TARGET = 8.0;
				MTL_ENABLE_DEBUG_INFO = NO;
				SDKROOT = iphoneos;
				TARGETED_DEVICE_FAMILY = "1,2";
				VALIDATE_PRODUCT = YES;
				VERSIONING_SYSTEM = "apple-generic";
				VERSION_INFO_PREFIX = "";
			};
			name = Release;
		};
		A7C819F71B520B5D00D81B86 /* Debug */ = {
			isa = XCBuildConfiguration;
			buildSettings = {
				DEFINES_MODULE = YES;
				DYLIB_COMPATIBILITY_VERSION = 1;
				DYLIB_CURRENT_VERSION = 1;
				DYLIB_INSTALL_NAME_BASE = "@rpath";
				INFOPLIST_FILE = Lattice/Info.plist;
				INSTALL_PATH = "$(LOCAL_LIBRARY_DIR)/Frameworks";
				IPHONEOS_DEPLOYMENT_TARGET = 8.0;
				LD_RUNPATH_SEARCH_PATHS = "$(inherited) @executable_path/Frameworks @loader_path/Frameworks";
				PRODUCT_NAME = Lattice;
				SKIP_INSTALL = YES;
			};
			name = Debug;
		};
		A7C819F81B520B5D00D81B86 /* Release */ = {
			isa = XCBuildConfiguration;
			buildSettings = {
				DEFINES_MODULE = YES;
				DYLIB_COMPATIBILITY_VERSION = 1;
				DYLIB_CURRENT_VERSION = 1;
				DYLIB_INSTALL_NAME_BASE = "@rpath";
				INFOPLIST_FILE = Lattice/Info.plist;
				INSTALL_PATH = "$(LOCAL_LIBRARY_DIR)/Frameworks";
				IPHONEOS_DEPLOYMENT_TARGET = 8.0;
				LD_RUNPATH_SEARCH_PATHS = "$(inherited) @executable_path/Frameworks @loader_path/Frameworks";
				PRODUCT_NAME = Lattice;
				SKIP_INSTALL = YES;
			};
			name = Release;
		};
		A7C819FA1B520B5D00D81B86 /* Debug */ = {
			isa = XCBuildConfiguration;
			buildSettings = {
				FRAMEWORK_SEARCH_PATHS = (
					"$(SDKROOT)/Developer/Library/Frameworks",
					"$(inherited)",
				);
				GCC_PREPROCESSOR_DEFINITIONS = (
					"DEBUG=1",
					"$(inherited)",
				);
				INFOPLIST_FILE = LatticeTests/Info.plist;
				LD_RUNPATH_SEARCH_PATHS = "$(inherited) @executable_path/Frameworks @loader_path/Frameworks";
				PRODUCT_NAME = LatticeTests;
			};
			name = Debug;
		};
		A7C819FB1B520B5D00D81B86 /* Release */ = {
			isa = XCBuildConfiguration;
			buildSettings = {
				FRAMEWORK_SEARCH_PATHS = (
					"$(SDKROOT)/Developer/Library/Frameworks",
					"$(inherited)",
				);
				INFOPLIST_FILE = LatticeTests/Info.plist;
				LD_RUNPATH_SEARCH_PATHS = "$(inherited) @executable_path/Frameworks @loader_path/Frameworks";
				PRODUCT_NAME = LatticeTests;
			};
			name = Release;
		};
/* End XCBuildConfiguration section */

/* Begin XCConfigurationList section */
		A7C819DA1B520B5D00D81B86 /* Build configuration list for PBXProject "Lattice" */ = {
			isa = XCConfigurationList;
			buildConfigurations = (
				A7C819F41B520B5D00D81B86 /* Debug */,
				A7C819F51B520B5D00D81B86 /* Release */,
			);
			defaultConfigurationIsVisible = 0;
			defaultConfigurationName = Release;
		};
		A7C819F61B520B5D00D81B86 /* Build configuration list for PBXNativeTarget "Lattice" */ = {
			isa = XCConfigurationList;
			buildConfigurations = (
				A7C819F71B520B5D00D81B86 /* Debug */,
				A7C819F81B520B5D00D81B86 /* Release */,
			);
			defaultConfigurationIsVisible = 0;
			defaultConfigurationName = Release;
		};
		A7C819F91B520B5D00D81B86 /* Build configuration list for PBXNativeTarget "LatticeTests" */ = {
			isa = XCConfigurationList;
			buildConfigurations = (
				A7C819FA1B520B5D00D81B86 /* Debug */,
				A7C819FB1B520B5D00D81B86 /* Release */,
			);
			defaultConfigurationIsVisible = 0;
			defaultConfigurationName = Release;
		};
/* End XCConfigurationList section */
	};
	rootObject = A7C819D71B520B5D00D81B86 /* Project object */;
}
