// !$*UTF8*$!
{
	archiveVersion = 1;
	classes = {
	};
	objectVersion = 46;
	objects = {

/* Begin PBXBuildFile section */
		A76113391B7906B200C637A8 /* Lattice.framework in Embed Frameworks */ = {isa = PBXBuildFile; fileRef = A76113341B7906A100C637A8 /* Lattice.framework */; settings = {ATTRIBUTES = (CodeSignOnCopy, RemoveHeadersOnCopy, ); }; };
		A761133F1B790C0500C637A8 /* Lattice.framework in Frameworks */ = {isa = PBXBuildFile; fileRef = A76113341B7906A100C637A8 /* Lattice.framework */; };
		A7BF39D51B4EFE7800381D72 /* AppDelegate.swift in Sources */ = {isa = PBXBuildFile; fileRef = A7BF39D41B4EFE7800381D72 /* AppDelegate.swift */; };
		A7BF39D71B4EFE7800381D72 /* ViewController.swift in Sources */ = {isa = PBXBuildFile; fileRef = A7BF39D61B4EFE7800381D72 /* ViewController.swift */; };
		A7BF39DA1B4EFE7800381D72 /* Main.storyboard in Resources */ = {isa = PBXBuildFile; fileRef = A7BF39D81B4EFE7800381D72 /* Main.storyboard */; };
		A7BF39DC1B4EFE7800381D72 /* Images.xcassets in Resources */ = {isa = PBXBuildFile; fileRef = A7BF39DB1B4EFE7800381D72 /* Images.xcassets */; };
		A7BF39DF1B4EFE7800381D72 /* LaunchScreen.xib in Resources */ = {isa = PBXBuildFile; fileRef = A7BF39DD1B4EFE7800381D72 /* LaunchScreen.xib */; };
/* End PBXBuildFile section */

/* Begin PBXContainerItemProxy section */
		A76113331B7906A100C637A8 /* PBXContainerItemProxy */ = {
			isa = PBXContainerItemProxy;
			containerPortal = A761132E1B7906A100C637A8 /* Lattice.xcodeproj */;
			proxyType = 2;
			remoteGlobalIDString = A7C819E01B520B5D00D81B86;
			remoteInfo = Lattice;
		};
		A76113351B7906A100C637A8 /* PBXContainerItemProxy */ = {
			isa = PBXContainerItemProxy;
			containerPortal = A761132E1B7906A100C637A8 /* Lattice.xcodeproj */;
			proxyType = 2;
			remoteGlobalIDString = A7C819EB1B520B5D00D81B86;
			remoteInfo = LatticeTests;
		};
		A76113371B7906AB00C637A8 /* PBXContainerItemProxy */ = {
			isa = PBXContainerItemProxy;
			containerPortal = A761132E1B7906A100C637A8 /* Lattice.xcodeproj */;
			proxyType = 1;
			remoteGlobalIDString = A7C819DF1B520B5D00D81B86;
			remoteInfo = Lattice;
		};
/* End PBXContainerItemProxy section */

/* Begin PBXCopyFilesBuildPhase section */
		A7C81A3F1B52188900D81B86 /* Embed Frameworks */ = {
			isa = PBXCopyFilesBuildPhase;
			buildActionMask = 2147483647;
			dstPath = "";
			dstSubfolderSpec = 10;
			files = (
				A76113391B7906B200C637A8 /* Lattice.framework in Embed Frameworks */,
			);
			name = "Embed Frameworks";
			runOnlyForDeploymentPostprocessing = 0;
		};
/* End PBXCopyFilesBuildPhase section */

/* Begin PBXFileReference section */
		A761132E1B7906A100C637A8 /* Lattice.xcodeproj */ = {isa = PBXFileReference; lastKnownFileType = "wrapper.pb-project"; name = Lattice.xcodeproj; path = ../Lattice.xcodeproj; sourceTree = "<group>"; };
		A7BF39CF1B4EFE7800381D72 /* ExampleApp.app */ = {isa = PBXFileReference; explicitFileType = wrapper.application; includeInIndex = 0; path = ExampleApp.app; sourceTree = BUILT_PRODUCTS_DIR; };
		A7BF39D31B4EFE7800381D72 /* Info.plist */ = {isa = PBXFileReference; lastKnownFileType = text.plist.xml; path = Info.plist; sourceTree = "<group>"; };
		A7BF39D41B4EFE7800381D72 /* AppDelegate.swift */ = {isa = PBXFileReference; lastKnownFileType = sourcecode.swift; path = AppDelegate.swift; sourceTree = "<group>"; };
		A7BF39D61B4EFE7800381D72 /* ViewController.swift */ = {isa = PBXFileReference; lastKnownFileType = sourcecode.swift; path = ViewController.swift; sourceTree = "<group>"; };
		A7BF39D91B4EFE7800381D72 /* Base */ = {isa = PBXFileReference; lastKnownFileType = file.storyboard; name = Base; path = Base.lproj/Main.storyboard; sourceTree = "<group>"; };
		A7BF39DB1B4EFE7800381D72 /* Images.xcassets */ = {isa = PBXFileReference; lastKnownFileType = folder.assetcatalog; path = Images.xcassets; sourceTree = "<group>"; };
		A7BF39DE1B4EFE7800381D72 /* Base */ = {isa = PBXFileReference; lastKnownFileType = file.xib; name = Base; path = Base.lproj/LaunchScreen.xib; sourceTree = "<group>"; };
/* End PBXFileReference section */

/* Begin PBXFrameworksBuildPhase section */
		A7BF39CC1B4EFE7800381D72 /* Frameworks */ = {
			isa = PBXFrameworksBuildPhase;
			buildActionMask = 2147483647;
			files = (
				A761133F1B790C0500C637A8 /* Lattice.framework in Frameworks */,
			);
			runOnlyForDeploymentPostprocessing = 0;
		};
/* End PBXFrameworksBuildPhase section */

/* Begin PBXGroup section */
		A761132F1B7906A100C637A8 /* Products */ = {
			isa = PBXGroup;
			children = (
				A76113341B7906A100C637A8 /* Lattice.framework */,
				A76113361B7906A100C637A8 /* LatticeTests.xctest */,
			);
			name = Products;
			sourceTree = "<group>";
		};
		A7BF39C61B4EFE7800381D72 = {
			isa = PBXGroup;
			children = (
				A7BF39D11B4EFE7800381D72 /* ExampleApp */,
				A7BF39D01B4EFE7800381D72 /* Products */,
				A761132E1B7906A100C637A8 /* Lattice.xcodeproj */,
			);
			sourceTree = "<group>";
		};
		A7BF39D01B4EFE7800381D72 /* Products */ = {
			isa = PBXGroup;
			children = (
				A7BF39CF1B4EFE7800381D72 /* ExampleApp.app */,
			);
			name = Products;
			sourceTree = "<group>";
		};
		A7BF39D11B4EFE7800381D72 /* ExampleApp */ = {
			isa = PBXGroup;
			children = (
				A7BF39D41B4EFE7800381D72 /* AppDelegate.swift */,
				A7BF39D61B4EFE7800381D72 /* ViewController.swift */,
				A7BF39D81B4EFE7800381D72 /* Main.storyboard */,
				A7BF39DB1B4EFE7800381D72 /* Images.xcassets */,
				A7BF39DD1B4EFE7800381D72 /* LaunchScreen.xib */,
				A7BF39D21B4EFE7800381D72 /* Supporting Files */,
			);
			path = ExampleApp;
			sourceTree = "<group>";
		};
		A7BF39D21B4EFE7800381D72 /* Supporting Files */ = {
			isa = PBXGroup;
			children = (
				A7BF39D31B4EFE7800381D72 /* Info.plist */,
			);
			name = "Supporting Files";
			sourceTree = "<group>";
		};
/* End PBXGroup section */

/* Begin PBXNativeTarget section */
		A7BF39CE1B4EFE7800381D72 /* ExampleApp */ = {
			isa = PBXNativeTarget;
			buildConfigurationList = A7BF39EE1B4EFE7800381D72 /* Build configuration list for PBXNativeTarget "ExampleApp" */;
			buildPhases = (
				A7BF39CB1B4EFE7800381D72 /* Sources */,
				A7BF39CC1B4EFE7800381D72 /* Frameworks */,
				A7BF39CD1B4EFE7800381D72 /* Resources */,
				A7C81A3F1B52188900D81B86 /* Embed Frameworks */,
			);
			buildRules = (
			);
			dependencies = (
				A76113381B7906AB00C637A8 /* PBXTargetDependency */,
			);
			name = ExampleApp;
			productName = ExampleApp;
			productReference = A7BF39CF1B4EFE7800381D72 /* ExampleApp.app */;
			productType = "com.apple.product-type.application";
		};
/* End PBXNativeTarget section */

/* Begin PBXProject section */
		A7BF39C71B4EFE7800381D72 /* Project object */ = {
			isa = PBXProject;
			attributes = {
				LastUpgradeCheck = 0640;
				ORGANIZATIONNAME = "Scott Williams";
				TargetAttributes = {
					A7BF39CE1B4EFE7800381D72 = {
						CreatedOnToolsVersion = 6.4;
					};
				};
			};
			buildConfigurationList = A7BF39CA1B4EFE7800381D72 /* Build configuration list for PBXProject "ExampleApp" */;
			compatibilityVersion = "Xcode 3.2";
			developmentRegion = English;
			hasScannedForEncodings = 0;
			knownRegions = (
				en,
				Base,
			);
			mainGroup = A7BF39C61B4EFE7800381D72;
			productRefGroup = A7BF39D01B4EFE7800381D72 /* Products */;
			projectDirPath = "";
			projectReferences = (
				{
					ProductGroup = A761132F1B7906A100C637A8 /* Products */;
					ProjectRef = A761132E1B7906A100C637A8 /* Lattice.xcodeproj */;
				},
			);
			projectRoot = "";
			targets = (
				A7BF39CE1B4EFE7800381D72 /* ExampleApp */,
			);
		};
/* End PBXProject section */

/* Begin PBXReferenceProxy section */
		A76113341B7906A100C637A8 /* Lattice.framework */ = {
			isa = PBXReferenceProxy;
			fileType = wrapper.framework;
			path = Lattice.framework;
			remoteRef = A76113331B7906A100C637A8 /* PBXContainerItemProxy */;
			sourceTree = BUILT_PRODUCTS_DIR;
		};
		A76113361B7906A100C637A8 /* LatticeTests.xctest */ = {
			isa = PBXReferenceProxy;
			fileType = wrapper.cfbundle;
			path = LatticeTests.xctest;
			remoteRef = A76113351B7906A100C637A8 /* PBXContainerItemProxy */;
			sourceTree = BUILT_PRODUCTS_DIR;
		};
/* End PBXReferenceProxy section */

/* Begin PBXResourcesBuildPhase section */
		A7BF39CD1B4EFE7800381D72 /* Resources */ = {
			isa = PBXResourcesBuildPhase;
			buildActionMask = 2147483647;
			files = (
				A7BF39DA1B4EFE7800381D72 /* Main.storyboard in Resources */,
				A7BF39DF1B4EFE7800381D72 /* LaunchScreen.xib in Resources */,
				A7BF39DC1B4EFE7800381D72 /* Images.xcassets in Resources */,
			);
			runOnlyForDeploymentPostprocessing = 0;
		};
/* End PBXResourcesBuildPhase section */

/* Begin PBXSourcesBuildPhase section */
		A7BF39CB1B4EFE7800381D72 /* Sources */ = {
			isa = PBXSourcesBuildPhase;
			buildActionMask = 2147483647;
			files = (
				A7BF39D71B4EFE7800381D72 /* ViewController.swift in Sources */,
				A7BF39D51B4EFE7800381D72 /* AppDelegate.swift in Sources */,
			);
			runOnlyForDeploymentPostprocessing = 0;
		};
/* End PBXSourcesBuildPhase section */

/* Begin PBXTargetDependency section */
		A76113381B7906AB00C637A8 /* PBXTargetDependency */ = {
			isa = PBXTargetDependency;
			name = Lattice;
			targetProxy = A76113371B7906AB00C637A8 /* PBXContainerItemProxy */;
		};
/* End PBXTargetDependency section */

/* Begin PBXVariantGroup section */
		A7BF39D81B4EFE7800381D72 /* Main.storyboard */ = {
			isa = PBXVariantGroup;
			children = (
				A7BF39D91B4EFE7800381D72 /* Base */,
			);
			name = Main.storyboard;
			sourceTree = "<group>";
		};
		A7BF39DD1B4EFE7800381D72 /* LaunchScreen.xib */ = {
			isa = PBXVariantGroup;
			children = (
				A7BF39DE1B4EFE7800381D72 /* Base */,
			);
			name = LaunchScreen.xib;
			sourceTree = "<group>";
		};
/* End PBXVariantGroup section */

/* Begin XCBuildConfiguration section */
		A7BF39EC1B4EFE7800381D72 /* Debug */ = {
			isa = XCBuildConfiguration;
			buildSettings = {
				ALWAYS_SEARCH_USER_PATHS = NO;
				CLANG_CXX_LANGUAGE_STANDARD = "gnu++0x";
				CLANG_CXX_LIBRARY = "libc++";
				CLANG_ENABLE_MODULES = YES;
				CLANG_ENABLE_OBJC_ARC = YES;
				CLANG_WARN_BOOL_CONVERSION = YES;
				CLANG_WARN_CONSTANT_CONVERSION = YES;
				CLANG_WARN_DIRECT_OBJC_ISA_USAGE = YES_ERROR;
				CLANG_WARN_EMPTY_BODY = YES;
				CLANG_WARN_ENUM_CONVERSION = YES;
				CLANG_WARN_INT_CONVERSION = YES;
				CLANG_WARN_OBJC_ROOT_CLASS = YES_ERROR;
				CLANG_WARN_UNREACHABLE_CODE = YES;
				CLANG_WARN__DUPLICATE_METHOD_MATCH = YES;
				"CODE_SIGN_IDENTITY[sdk=iphoneos*]" = "iPhone Developer";
				COPY_PHASE_STRIP = NO;
				DEBUG_INFORMATION_FORMAT = "dwarf-with-dsym";
				ENABLE_STRICT_OBJC_MSGSEND = YES;
				GCC_C_LANGUAGE_STANDARD = gnu99;
				GCC_DYNAMIC_NO_PIC = NO;
				GCC_NO_COMMON_BLOCKS = YES;
				GCC_OPTIMIZATION_LEVEL = 0;
				GCC_PREPROCESSOR_DEFINITIONS = (
					"DEBUG=1",
					"$(inherited)",
				);
				GCC_SYMBOLS_PRIVATE_EXTERN = NO;
				GCC_WARN_64_TO_32_BIT_CONVERSION = YES;
				GCC_WARN_ABOUT_RETURN_TYPE = YES_ERROR;
				GCC_WARN_UNDECLARED_SELECTOR = YES;
				GCC_WARN_UNINITIALIZED_AUTOS = YES_AGGRESSIVE;
				GCC_WARN_UNUSED_FUNCTION = YES;
				GCC_WARN_UNUSED_VARIABLE = YES;
				IPHONEOS_DEPLOYMENT_TARGET = 8.0;
				MTL_ENABLE_DEBUG_INFO = YES;
				ONLY_ACTIVE_ARCH = YES;
				SDKROOT = iphoneos;
				SWIFT_OPTIMIZATION_LEVEL = "-Onone";
				TARGETED_DEVICE_FAMILY = "1,2";
			};
			name = Debug;
		};
		A7BF39ED1B4EFE7800381D72 /* Release */ = {
			isa = XCBuildConfiguration;
			buildSettings = {
				ALWAYS_SEARCH_USER_PATHS = NO;
				CLANG_CXX_LANGUAGE_STANDARD = "gnu++0x";
				CLANG_CXX_LIBRARY = "libc++";
				CLANG_ENABLE_MODULES = YES;
				CLANG_ENABLE_OBJC_ARC = YES;
				CLANG_WARN_BOOL_CONVERSION = YES;
				CLANG_WARN_CONSTANT_CONVERSION = YES;
				CLANG_WARN_DIRECT_OBJC_ISA_USAGE = YES_ERROR;
				CLANG_WARN_EMPTY_BODY = YES;
				CLANG_WARN_ENUM_CONVERSION = YES;
				CLANG_WARN_INT_CONVERSION = YES;
				CLANG_WARN_OBJC_ROOT_CLASS = YES_ERROR;
				CLANG_WARN_UNREACHABLE_CODE = YES;
				CLANG_WARN__DUPLICATE_METHOD_MATCH = YES;
				"CODE_SIGN_IDENTITY[sdk=iphoneos*]" = "iPhone Developer";
				COPY_PHASE_STRIP = NO;
				DEBUG_INFORMATION_FORMAT = "dwarf-with-dsym";
				ENABLE_NS_ASSERTIONS = NO;
				ENABLE_STRICT_OBJC_MSGSEND = YES;
				GCC_C_LANGUAGE_STANDARD = gnu99;
				GCC_NO_COMMON_BLOCKS = YES;
				GCC_WARN_64_TO_32_BIT_CONVERSION = YES;
				GCC_WARN_ABOUT_RETURN_TYPE = YES_ERROR;
				GCC_WARN_UNDECLARED_SELECTOR = YES;
				GCC_WARN_UNINITIALIZED_AUTOS = YES_AGGRESSIVE;
				GCC_WARN_UNUSED_FUNCTION = YES;
				GCC_WARN_UNUSED_VARIABLE = YES;
				IPHONEOS_DEPLOYMENT_TARGET = 8.0;
				MTL_ENABLE_DEBUG_INFO = NO;
				SDKROOT = iphoneos;
				TARGETED_DEVICE_FAMILY = "1,2";
				VALIDATE_PRODUCT = YES;
			};
			name = Release;
		};
		A7BF39EF1B4EFE7800381D72 /* Debug */ = {
			isa = XCBuildConfiguration;
			buildSettings = {
				ASSETCATALOG_COMPILER_APPICON_NAME = AppIcon;
				FRAMEWORK_SEARCH_PATHS = "$(inherited)";
				INFOPLIST_FILE = ExampleApp/Info.plist;
				IPHONEOS_DEPLOYMENT_TARGET = 8.0;
				LD_RUNPATH_SEARCH_PATHS = "$(inherited) @executable_path/Frameworks";
				PRODUCT_NAME = "$(TARGET_NAME)";
			};
			name = Debug;
		};
		A7BF39F01B4EFE7800381D72 /* Release */ = {
			isa = XCBuildConfiguration;
			buildSettings = {
				ASSETCATALOG_COMPILER_APPICON_NAME = AppIcon;
				FRAMEWORK_SEARCH_PATHS = "$(inherited)";
				INFOPLIST_FILE = ExampleApp/Info.plist;
				IPHONEOS_DEPLOYMENT_TARGET = 8.0;
				LD_RUNPATH_SEARCH_PATHS = "$(inherited) @executable_path/Frameworks";
				PRODUCT_NAME = "$(TARGET_NAME)";
			};
			name = Release;
		};
/* End XCBuildConfiguration section */

/* Begin XCConfigurationList section */
		A7BF39CA1B4EFE7800381D72 /* Build configuration list for PBXProject "ExampleApp" */ = {
			isa = XCConfigurationList;
			buildConfigurations = (
				A7BF39EC1B4EFE7800381D72 /* Debug */,
				A7BF39ED1B4EFE7800381D72 /* Release */,
			);
			defaultConfigurationIsVisible = 0;
			defaultConfigurationName = Release;
		};
		A7BF39EE1B4EFE7800381D72 /* Build configuration list for PBXNativeTarget "ExampleApp" */ = {
			isa = XCConfigurationList;
			buildConfigurations = (
				A7BF39EF1B4EFE7800381D72 /* Debug */,
				A7BF39F01B4EFE7800381D72 /* Release */,
			);
			defaultConfigurationIsVisible = 0;
			defaultConfigurationName = Release;
		};
/* End XCConfigurationList section */
	};
	rootObject = A7BF39C71B4EFE7800381D72 /* Project object */;
}
